
Microsoft Visual Studio Solution File, Format Version 12.00
# Visual Studio Version 16
VisualStudioVersion = 16.0.28922.388
MinimumVisualStudioVersion = 10.0.40219.1
Project("{FAE04EC0-301F-11D3-BF4B-00C04F79EFBC}") = "UsersPostsCommentsExcercises", "UsersPostsCommentsExcercises\UsersPostsCommentsExcercises.csproj", "{FA3D6062-ED24-4421-B65B-A3A0018032B9}"
EndProject
Global
	GlobalSection(SolutionConfigurationPlatforms) = preSolution
		Debug|Any CPU = Debug|Any CPU
		Release|Any CPU = Release|Any CPU
	EndGlobalSection
	GlobalSection(ProjectConfigurationPlatforms) = postSolution
		{FA3D6062-ED24-4421-B65B-A3A0018032B9}.Debug|Any CPU.ActiveCfg = Debug|Any CPU
		{FA3D6062-ED24-4421-B65B-A3A0018032B9}.Debug|Any CPU.Build.0 = Debug|Any CPU
		{FA3D6062-ED24-4421-B65B-A3A0018032B9}.Release|Any CPU.ActiveCfg = Release|Any CPU
		{FA3D6062-ED24-4421-B65B-A3A0018032B9}.Release|Any CPU.Build.0 = Release|Any CPU
	EndGlobalSection
	GlobalSection(SolutionProperties) = preSolution
		HideSolutionNode = FALSE
	EndGlobalSection
	GlobalSection(ExtensibilityGlobals) = postSolution
		SolutionGuid = {F5A5A752-DD67-49F0-97CE-E49884EC7EF2}
	EndGlobalSection
EndGlobal
